
Microsoft Visual Studio Solution File, Format Version 12.00
# Visual Studio Version 17
VisualStudioVersion = 17.8.34525.116
MinimumVisualStudioVersion = 10.0.40219.1
Project("{9A19103F-16F7-4668-BE54-9A1E7A4F7556}") = "FlashApp", "FlashApp\FlashApp.csproj", "{90E17456-070C-48D2-B579-E64FF51BF04C}"
EndProject
Project("{9A19103F-16F7-4668-BE54-9A1E7A4F7556}") = "FlashAppTest", "FlashAppTest\FlashAppTest.csproj", "{3D3DA32C-575D-4EFB-A9DA-D7028E004FD8}"
EndProject
Global
	GlobalSection(SolutionConfigurationPlatforms) = preSolution
		Debug|Any CPU = Debug|Any CPU
		Release|Any CPU = Release|Any CPU
	EndGlobalSection
	GlobalSection(ProjectConfigurationPlatforms) = postSolution
		{90E17456-070C-48D2-B579-E64FF51BF04C}.Debug|Any CPU.ActiveCfg = Debug|Any CPU
		{90E17456-070C-48D2-B579-E64FF51BF04C}.Debug|Any CPU.Build.0 = Debug|Any CPU
		{90E17456-070C-48D2-B579-E64FF51BF04C}.Release|Any CPU.ActiveCfg = Release|Any CPU
		{90E17456-070C-48D2-B579-E64FF51BF04C}.Release|Any CPU.Build.0 = Release|Any CPU
		{3D3DA32C-575D-4EFB-A9DA-D7028E004FD8}.Debug|Any CPU.ActiveCfg = Debug|Any CPU
		{3D3DA32C-575D-4EFB-A9DA-D7028E004FD8}.Debug|Any CPU.Build.0 = Debug|Any CPU
		{3D3DA32C-575D-4EFB-A9DA-D7028E004FD8}.Release|Any CPU.ActiveCfg = Release|Any CPU
		{3D3DA32C-575D-4EFB-A9DA-D7028E004FD8}.Release|Any CPU.Build.0 = Release|Any CPU
	EndGlobalSection
	GlobalSection(SolutionProperties) = preSolution
		HideSolutionNode = FALSE
	EndGlobalSection
	GlobalSection(ExtensibilityGlobals) = postSolution
		SolutionGuid = {4ABC08C0-6457-4CC7-AFD4-026C67399A66}
	EndGlobalSection
EndGlobal
